schema: '2.0'
stages:
  data_ingestion:
    cmd: python src/data_ingestion.py
    deps:
    - path: src/data_ingestion.py
      hash: md5
      md5: 27a62f0040a7e0295737d09a4e24d2de
      size: 3449
    params:
      params.yaml:
        data_ingestion.test_size: 0.15
    outs:
    - path: data/raw
      hash: md5
      md5: a15ba66afdf82f8659b031b175286ed3.dir
      size: 484846
      nfiles: 2
  data_preprocessing:
    cmd: python src/pre_processing.py
    deps:
    - path: data/raw
      hash: md5
      md5: a15ba66afdf82f8659b031b175286ed3.dir
      size: 484846
      nfiles: 2
    - path: src/pre_processing.py
      hash: md5
      md5: d3a6562001b605f36f54ca2c0c403c5d
      size: 3892
    outs:
    - path: data/interim
      hash: md5
      md5: 60a6fff4e80508df65a68e383fa2725e.dir
      size: 259164
      nfiles: 2
  feature_engineering:
    cmd: python src/feature_engineering.py
    deps:
    - path: data/interim
      hash: md5
      md5: 60a6fff4e80508df65a68e383fa2725e.dir
      size: 259164
      nfiles: 2
    - path: src/feature_engineering.py
      hash: md5
      md5: 610134557d73679cd063737a385ffb21
      size: 3758
    params:
      params.yaml:
        feature_engineering.max_features: 50
    outs:
    - path: data/processed
      hash: md5
      md5: df249199c6623016faded25297343688.dir
      size: 1177120
      nfiles: 2
  model_building:
    cmd: python src/model_building.py
    deps:
    - path: data/processed
      hash: md5
      md5: df249199c6623016faded25297343688.dir
      size: 1177120
      nfiles: 2
    - path: src/model_building.py
      hash: md5
      md5: de5b8cc24daec229606957d7425b60ec
      size: 4286
    params:
      params.yaml:
        model_building.n_estimators: 50
        model_building.random_state: 42
    outs:
    - path: models/model.pkl
      hash: md5
      md5: 09269fdee97d0ef93df1ac6784350737
      size: 2049207
  model_evaluation:
    cmd: python src/model_evaluation.py
    deps:
    - path: models/model.pkl
      hash: md5
      md5: 09269fdee97d0ef93df1ac6784350737
      size: 2049207
    - path: src/model_evaluation.py
      hash: md5
      md5: 676217a7b866416430e35ef4b0b4f5e3
      size: 3518
    outs:
    - path: reports/metrics.json
      hash: md5
      md5: 5f7db7657d2a7e6511c4211b7d5e6bc0
      size: 145
