schema: '2.0'
stages:
  data_ingestion:
    cmd: python src/data_ingestion.py
    deps:
    - path: src/data_ingestion.py
      hash: md5
      md5: 27a62f0040a7e0295737d09a4e24d2de
      size: 3449
    params:
      params.yaml:
        data_ingestion.test_size: 0.25
    outs:
    - path: data/raw
      hash: md5
      md5: 04dd235295cb72c313e376c794dbd399.dir
      size: 484846
      nfiles: 2
  data_preprocessing:
    cmd: python src/pre_processing.py
    deps:
    - path: data/raw
      hash: md5
      md5: 04dd235295cb72c313e376c794dbd399.dir
      size: 484846
      nfiles: 2
    - path: src/pre_processing.py
      hash: md5
      md5: d3a6562001b605f36f54ca2c0c403c5d
      size: 3892
    outs:
    - path: data/interim
      hash: md5
      md5: a93065f5a2727e5e7dd327b4604144d5.dir
      size: 261440
      nfiles: 2
  feature_engineering:
    cmd: python src/feature_engineering.py
    deps:
    - path: data/interim
      hash: md5
      md5: a93065f5a2727e5e7dd327b4604144d5.dir
      size: 261440
      nfiles: 2
    - path: src/feature_engineering.py
      hash: md5
      md5: 610134557d73679cd063737a385ffb21
      size: 3758
    params:
      params.yaml:
        feature_engineering.max_features: 100
    outs:
    - path: data/processed
      hash: md5
      md5: 9f18cdd1996355f080d42c534045ffa7.dir
      size: 2310918
      nfiles: 2
  model_building:
    cmd: python src/model_building.py
    deps:
    - path: data/processed
      hash: md5
      md5: 9f18cdd1996355f080d42c534045ffa7.dir
      size: 2310918
      nfiles: 2
    - path: src/model_building.py
      hash: md5
      md5: de5b8cc24daec229606957d7425b60ec
      size: 4286
    params:
      params.yaml:
        model_building.n_estimators: 60
        model_building.random_state: 42
    outs:
    - path: models/model.pkl
      hash: md5
      md5: 52c0b3965c3de30c804332838dc05e4a
      size: 3077611
  model_evaluation:
    cmd: python src/model_evaluation.py
    deps:
    - path: models/model.pkl
      hash: md5
      md5: 52c0b3965c3de30c804332838dc05e4a
      size: 3077611
    - path: src/model_evaluation.py
      hash: md5
      md5: 1768097fd71374f6531a3af36cd1b644
      size: 4584
    outs:
    - path: reports/metrics.json
      hash: md5
      md5: b86f2ae9265a59952469d6c60abcab21
      size: 145
