schema: '2.0'
stages:
  data_ingestion:
    cmd: python src/data_ingestion.py
    deps:
    - path: src/data_ingestion.py
      hash: md5
      md5: 27a62f0040a7e0295737d09a4e24d2de
      size: 3449
    params:
      params.yaml:
        data_ingestion.test_size: 0.1
    outs:
    - path: data/raw
      hash: md5
      md5: 9097e041a34df9054caed15688df1464.dir
      size: 484846
      nfiles: 2
  data_preprocessing:
    cmd: python src/pre_processing.py
    deps:
    - path: data/raw
      hash: md5
      md5: 9097e041a34df9054caed15688df1464.dir
      size: 484846
      nfiles: 2
    - path: src/pre_processing.py
      hash: md5
      md5: d3a6562001b605f36f54ca2c0c403c5d
      size: 3892
    outs:
    - path: data/interim
      hash: md5
      md5: 372e18bfa771372d41b683bc64b32377.dir
      size: 257605
      nfiles: 2
  feature_engineering:
    cmd: python src/feature_engineering.py
    deps:
    - path: data/interim
      hash: md5
      md5: 372e18bfa771372d41b683bc64b32377.dir
      size: 257605
      nfiles: 2
    - path: src/feature_engineering.py
      hash: md5
      md5: 610134557d73679cd063737a385ffb21
      size: 3758
    params:
      params.yaml:
        feature_engineering.max_features: 30
    outs:
    - path: data/processed
      hash: md5
      md5: 490cf6695f1ddc3b7504c04ffc4c72f6.dir
      size: 714708
      nfiles: 2
  model_building:
    cmd: python src/model_building.py
    deps:
    - path: data/processed
      hash: md5
      md5: 490cf6695f1ddc3b7504c04ffc4c72f6.dir
      size: 714708
      nfiles: 2
    - path: src/model_building.py
      hash: md5
      md5: de5b8cc24daec229606957d7425b60ec
      size: 4286
    params:
      params.yaml:
        model_building.n_estimators: 20
        model_building.random_state: 42
    outs:
    - path: models/model.pkl
      hash: md5
      md5: 6f54cff28941a33e5d9958aadd0e315a
      size: 658413
  model_evaluation:
    cmd: python src/model_evaluation.py
    deps:
    - path: models/model.pkl
      hash: md5
      md5: 6f54cff28941a33e5d9958aadd0e315a
      size: 658413
    - path: src/model_evaluation.py
      hash: md5
      md5: 1768097fd71374f6531a3af36cd1b644
      size: 4584
    outs:
    - path: reports/metrics.json
      hash: md5
      md5: 515bce8b650718d813ea1e99e76c134f
      size: 145
